
Microsoft Visual Studio Solution File, Format Version 12.00
# Visual Studio Version 16
VisualStudioVersion = 16.0.30907.101
MinimumVisualStudioVersion = 10.0.40219.1
Project("{00D1A9C2-B5F0-4AF3-8072-F6C62B433612}") = "JerrysDinnerDB", "JerrysDinnerDB\JerrysDinnerDB.sqlproj", "{FFA47CBC-D25A-4E3B-B327-6EA154CDA7CE}"
EndProject
Project("{FAE04EC0-301F-11D3-BF4B-00C04F79EFBC}") = "DataLibrary", "DataLibrary\DataLibrary.csproj", "{A732DAC2-850B-478B-AACA-7D35D2E68DD4}"
EndProject
Global
	GlobalSection(SolutionConfigurationPlatforms) = preSolution
		Debug|Any CPU = Debug|Any CPU
		Release|Any CPU = Release|Any CPU
	EndGlobalSection
	GlobalSection(ProjectConfigurationPlatforms) = postSolution
		{FFA47CBC-D25A-4E3B-B327-6EA154CDA7CE}.Debug|Any CPU.ActiveCfg = Debug|Any CPU
		{FFA47CBC-D25A-4E3B-B327-6EA154CDA7CE}.Debug|Any CPU.Build.0 = Debug|Any CPU
		{FFA47CBC-D25A-4E3B-B327-6EA154CDA7CE}.Debug|Any CPU.Deploy.0 = Debug|Any CPU
		{FFA47CBC-D25A-4E3B-B327-6EA154CDA7CE}.Release|Any CPU.ActiveCfg = Release|Any CPU
		{FFA47CBC-D25A-4E3B-B327-6EA154CDA7CE}.Release|Any CPU.Build.0 = Release|Any CPU
		{FFA47CBC-D25A-4E3B-B327-6EA154CDA7CE}.Release|Any CPU.Deploy.0 = Release|Any CPU
		{A732DAC2-850B-478B-AACA-7D35D2E68DD4}.Debug|Any CPU.ActiveCfg = Debug|Any CPU
		{A732DAC2-850B-478B-AACA-7D35D2E68DD4}.Debug|Any CPU.Build.0 = Debug|Any CPU
		{A732DAC2-850B-478B-AACA-7D35D2E68DD4}.Release|Any CPU.ActiveCfg = Release|Any CPU
		{A732DAC2-850B-478B-AACA-7D35D2E68DD4}.Release|Any CPU.Build.0 = Release|Any CPU
	EndGlobalSection
	GlobalSection(SolutionProperties) = preSolution
		HideSolutionNode = FALSE
	EndGlobalSection
	GlobalSection(ExtensibilityGlobals) = postSolution
		SolutionGuid = {6367DBEA-7C59-4306-B80D-34248245E4B0}
	EndGlobalSection
EndGlobal
